
Microsoft Visual Studio Solution File, Format Version 12.00
# Visual Studio Version 17
VisualStudioVersion = 17.0.31423.177
MinimumVisualStudioVersion = 10.0.40219.1
Project("{FAE04EC0-301F-11D3-BF4B-00C04F79EFBC}") = "Spotifly", "Spotifly.csproj", "{3BA362FD-FE97-43D5-ABBB-95AFFA9CC1E1}"
EndProject
Global
	GlobalSection(SolutionConfigurationPlatforms) = preSolution
		ConfSecurityCopy|Any CPU = ConfSecurityCopy|Any CPU
		Debug|Any CPU = Debug|Any CPU
		Release|Any CPU = Release|Any CPU
	EndGlobalSection
	GlobalSection(ProjectConfigurationPlatforms) = postSolution
		{3BA362FD-FE97-43D5-ABBB-95AFFA9CC1E1}.ConfSecurityCopy|Any CPU.ActiveCfg = ConfSecurityCopy|Any CPU
		{3BA362FD-FE97-43D5-ABBB-95AFFA9CC1E1}.ConfSecurityCopy|Any CPU.Build.0 = ConfSecurityCopy|Any CPU
		{3BA362FD-FE97-43D5-ABBB-95AFFA9CC1E1}.Debug|Any CPU.ActiveCfg = Debug|Any CPU
		{3BA362FD-FE97-43D5-ABBB-95AFFA9CC1E1}.Debug|Any CPU.Build.0 = Debug|Any CPU
		{3BA362FD-FE97-43D5-ABBB-95AFFA9CC1E1}.Release|Any CPU.ActiveCfg = Release|Any CPU
		{3BA362FD-FE97-43D5-ABBB-95AFFA9CC1E1}.Release|Any CPU.Build.0 = Release|Any CPU
	EndGlobalSection
	GlobalSection(SolutionProperties) = preSolution
		HideSolutionNode = FALSE
	EndGlobalSection
	GlobalSection(ExtensibilityGlobals) = postSolution
		SolutionGuid = {A45C3F19-62E6-40E9-BD64-CCDFB953FA3F}
	EndGlobalSection
EndGlobal
